
Microsoft Visual Studio Solution File, Format Version 12.00
# Visual Studio 2012
Project("{FAE04EC0-301F-11D3-BF4B-00C04F79EFBC}") = "Blowfish", "Blowfish\Blowfish.csproj", "{42A56715-1C3F-41B0-8FB7-451BF9FA9733}"
EndProject
Project("{FAE04EC0-301F-11D3-BF4B-00C04F79EFBC}") = "ConsoleApplication1", "ConsoleApplication1\ConsoleApplication1.csproj", "{D592771B-1AA5-411F-9D7C-E186BE465693}"
EndProject
Project("{FAE04EC0-301F-11D3-BF4B-00C04F79EFBC}") = "UnitTests", "UnitTests\UnitTests.csproj", "{E578B863-E99D-43B6-84AE-18E8E5DE4CE0}"
EndProject
Project("{FAE04EC0-301F-11D3-BF4B-00C04F79EFBC}") = "FireXware_Blowfish", "FireXware_Blowfish\FireXware_Blowfish.csproj", "{E0A6C1D1-CBD2-47F3-AC12-B4C4EAA9FF46}"
EndProject
Global
	GlobalSection(SolutionConfigurationPlatforms) = preSolution
		Debug|Any CPU = Debug|Any CPU
		Release|Any CPU = Release|Any CPU
	EndGlobalSection
	GlobalSection(ProjectConfigurationPlatforms) = postSolution
		{42A56715-1C3F-41B0-8FB7-451BF9FA9733}.Debug|Any CPU.ActiveCfg = Debug|Any CPU
		{42A56715-1C3F-41B0-8FB7-451BF9FA9733}.Debug|Any CPU.Build.0 = Debug|Any CPU
		{42A56715-1C3F-41B0-8FB7-451BF9FA9733}.Release|Any CPU.ActiveCfg = Release|Any CPU
		{42A56715-1C3F-41B0-8FB7-451BF9FA9733}.Release|Any CPU.Build.0 = Release|Any CPU
		{D592771B-1AA5-411F-9D7C-E186BE465693}.Debug|Any CPU.ActiveCfg = Debug|Any CPU
		{D592771B-1AA5-411F-9D7C-E186BE465693}.Debug|Any CPU.Build.0 = Debug|Any CPU
		{D592771B-1AA5-411F-9D7C-E186BE465693}.Release|Any CPU.ActiveCfg = Release|Any CPU
		{D592771B-1AA5-411F-9D7C-E186BE465693}.Release|Any CPU.Build.0 = Release|Any CPU
		{E578B863-E99D-43B6-84AE-18E8E5DE4CE0}.Debug|Any CPU.ActiveCfg = Debug|Any CPU
		{E578B863-E99D-43B6-84AE-18E8E5DE4CE0}.Debug|Any CPU.Build.0 = Debug|Any CPU
		{E578B863-E99D-43B6-84AE-18E8E5DE4CE0}.Release|Any CPU.ActiveCfg = Release|Any CPU
		{E578B863-E99D-43B6-84AE-18E8E5DE4CE0}.Release|Any CPU.Build.0 = Release|Any CPU
		{E0A6C1D1-CBD2-47F3-AC12-B4C4EAA9FF46}.Debug|Any CPU.ActiveCfg = Debug|Any CPU
		{E0A6C1D1-CBD2-47F3-AC12-B4C4EAA9FF46}.Debug|Any CPU.Build.0 = Debug|Any CPU
		{E0A6C1D1-CBD2-47F3-AC12-B4C4EAA9FF46}.Release|Any CPU.ActiveCfg = Release|Any CPU
		{E0A6C1D1-CBD2-47F3-AC12-B4C4EAA9FF46}.Release|Any CPU.Build.0 = Release|Any CPU
	EndGlobalSection
	GlobalSection(SolutionProperties) = preSolution
		HideSolutionNode = FALSE
	EndGlobalSection
EndGlobal
